
Microsoft Visual Studio Solution File, Format Version 12.00
# Visual Studio Version 17
VisualStudioVersion = 17.4.33213.308
MinimumVisualStudioVersion = 10.0.40219.1
Project("{9A19103F-16F7-4668-BE54-9A1E7A4F7556}") = "Application", "Application\Application.csproj", "{23B23E79-DE08-4C04-8D94-9E80B1E93AC3}"
	ProjectSection(ProjectDependencies) = postProject
		{04A7B0C0-AD9D-469F-A40F-E9FD70ADCF34} = {04A7B0C0-AD9D-469F-A40F-E9FD70ADCF34}
	EndProjectSection
EndProject
Project("{9A19103F-16F7-4668-BE54-9A1E7A4F7556}") = "Downloader.Core", "Downloader.Core\Downloader.Core.csproj", "{59FB858F-D152-4B61-BE96-2D1DCFBACEAD}"
EndProject
Project("{9A19103F-16F7-4668-BE54-9A1E7A4F7556}") = "Downloader.TikTok", "Downloader.TikTok\Downloader.TikTok.csproj", "{3FAA0572-213A-4ACE-AF95-6511086A0EC4}"
EndProject
Project("{9A19103F-16F7-4668-BE54-9A1E7A4F7556}") = "Downloader.Twitter", "Downloader.Twitter\Downloader.Twitter.csproj", "{DC5C3D8C-4423-479E-BBBE-35D423D58056}"
EndProject
Project("{2150E333-8FDC-42A3-9474-1A3956D46DE8}") = "Downloader", "Downloader", "{11052826-02D9-4AF3-8AA1-3BC6BF721C29}"
EndProject
Project("{2150E333-8FDC-42A3-9474-1A3956D46DE8}") = "Uploader", "Uploader", "{79008308-902D-4ABC-BEC8-1D05E755F1D8}"
EndProject
Project("{9A19103F-16F7-4668-BE54-9A1E7A4F7556}") = "Uploader.Core", "Uploader.Core\Uploader.Core.csproj", "{04A7B0C0-AD9D-469F-A40F-E9FD70ADCF34}"
EndProject
Project("{2150E333-8FDC-42A3-9474-1A3956D46DE8}") = "Infrastructure", "Infrastructure", "{B7AAF3F7-A557-4446-8116-9AA48F1A326D}"
EndProject
Project("{9A19103F-16F7-4668-BE54-9A1E7A4F7556}") = "Uploader.YouTubeApi", "Uploader.YouTubeApi\Uploader.YouTubeApi.csproj", "{B2DFF26A-73BF-44CC-BDB0-0B2E94D23F9B}"
EndProject
Project("{9A19103F-16F7-4668-BE54-9A1E7A4F7556}") = "History.Core", "History.Core\History.Core.csproj", "{097E7010-8C8B-4E39-B0CB-E32928ADAF4E}"
EndProject
Project("{2150E333-8FDC-42A3-9474-1A3956D46DE8}") = "History", "History", "{297938CD-7E0D-4EC6-9B2A-13D45897419F}"
EndProject
Project("{9A19103F-16F7-4668-BE54-9A1E7A4F7556}") = "Uploader.Playwright.Youtube", "Uploader.Playwright.Youtube\Uploader.Playwright.Youtube.csproj", "{656CFF1F-8FD5-449F-A514-3FB1C0AF4083}"
EndProject
Project("{FAE04EC0-301F-11D3-BF4B-00C04F79EFBC}") = "Login.Core", "Login.Core\Login.Core.csproj", "{475404E5-B008-4834-8769-6C5744A5F9D1}"
EndProject
Project("{2150E333-8FDC-42A3-9474-1A3956D46DE8}") = "Login", "Login", "{1F68BE8A-A295-4FF2-A258-4A0CD68463EC}"
EndProject
Project("{FAE04EC0-301F-11D3-BF4B-00C04F79EFBC}") = "Login.Gmail", "Login.Gmail\Login.Gmail.csproj", "{ED648CD1-470D-42D0-829F-FD75AFB21BA9}"
EndProject
Project("{2150E333-8FDC-42A3-9474-1A3956D46DE8}") = "App", "App", "{BFADC84A-50AA-465D-8C27-33596491C7DB}"
EndProject
Project("{2150E333-8FDC-42A3-9474-1A3956D46DE8}") = "Video", "Video", "{79750A1F-0E1B-4D1B-AD7D-9931D9DE8308}"
EndProject
Project("{FAE04EC0-301F-11D3-BF4B-00C04F79EFBC}") = "Video.Core", "Video.Core\Video.Core.csproj", "{7A7147A2-0C4E-467E-8C03-E17B3C6D1A7F}"
EndProject
Project("{FAE04EC0-301F-11D3-BF4B-00C04F79EFBC}") = "User.Core", "User.Core\User.Core.csproj", "{F3E4B5AB-A89F-4609-9475-7C1187E1B102}"
EndProject
Project("{FAE04EC0-301F-11D3-BF4B-00C04F79EFBC}") = "User.Json", "User.Json\User.Json.csproj", "{67174A11-2ED9-4764-B075-F1DA6EE1B7E1}"
EndProject
Project("{2150E333-8FDC-42A3-9474-1A3956D46DE8}") = "User", "User", "{3D8E73B6-8E57-4EA2-898A-38B213AB4774}"
EndProject
Project("{2150E333-8FDC-42A3-9474-1A3956D46DE8}") = "Playwright", "Playwright", "{44968558-1B33-42F5-AA54-4A85D22B45EE}"
EndProject
Project("{2150E333-8FDC-42A3-9474-1A3956D46DE8}") = "ConnectionPool", "ConnectionPool", "{76E43368-F7C0-45D6-A2CE-BA524F6597F3}"
EndProject
Project("{FAE04EC0-301F-11D3-BF4B-00C04F79EFBC}") = "ConnectionPool.Core", "ConnectionPool.Core\ConnectionPool.Core.csproj", "{204C4C71-B9CC-4D8C-BBDA-2E5995CFE384}"
EndProject
Project("{FAE04EC0-301F-11D3-BF4B-00C04F79EFBC}") = "ConnectionPool.Playwright", "ConnectionPool.Playwright\ConnectionPool.Playwright.csproj", "{BD5BE667-EEB3-40AC-A8D0-028F3679D58C}"
EndProject
Global
	GlobalSection(SolutionConfigurationPlatforms) = preSolution
		Debug|Any CPU = Debug|Any CPU
		Release|Any CPU = Release|Any CPU
	EndGlobalSection
	GlobalSection(ProjectConfigurationPlatforms) = postSolution
		{23B23E79-DE08-4C04-8D94-9E80B1E93AC3}.Debug|Any CPU.ActiveCfg = Release|Any CPU
		{23B23E79-DE08-4C04-8D94-9E80B1E93AC3}.Debug|Any CPU.Build.0 = Release|Any CPU
		{23B23E79-DE08-4C04-8D94-9E80B1E93AC3}.Release|Any CPU.ActiveCfg = Release|Any CPU
		{23B23E79-DE08-4C04-8D94-9E80B1E93AC3}.Release|Any CPU.Build.0 = Release|Any CPU
		{59FB858F-D152-4B61-BE96-2D1DCFBACEAD}.Debug|Any CPU.ActiveCfg = Release|Any CPU
		{59FB858F-D152-4B61-BE96-2D1DCFBACEAD}.Debug|Any CPU.Build.0 = Release|Any CPU
		{59FB858F-D152-4B61-BE96-2D1DCFBACEAD}.Release|Any CPU.ActiveCfg = Release|Any CPU
		{59FB858F-D152-4B61-BE96-2D1DCFBACEAD}.Release|Any CPU.Build.0 = Release|Any CPU
		{3FAA0572-213A-4ACE-AF95-6511086A0EC4}.Debug|Any CPU.ActiveCfg = Release|Any CPU
		{3FAA0572-213A-4ACE-AF95-6511086A0EC4}.Debug|Any CPU.Build.0 = Release|Any CPU
		{3FAA0572-213A-4ACE-AF95-6511086A0EC4}.Release|Any CPU.ActiveCfg = Release|Any CPU
		{3FAA0572-213A-4ACE-AF95-6511086A0EC4}.Release|Any CPU.Build.0 = Release|Any CPU
		{DC5C3D8C-4423-479E-BBBE-35D423D58056}.Debug|Any CPU.ActiveCfg = Release|Any CPU
		{DC5C3D8C-4423-479E-BBBE-35D423D58056}.Debug|Any CPU.Build.0 = Release|Any CPU
		{DC5C3D8C-4423-479E-BBBE-35D423D58056}.Release|Any CPU.ActiveCfg = Release|Any CPU
		{DC5C3D8C-4423-479E-BBBE-35D423D58056}.Release|Any CPU.Build.0 = Release|Any CPU
		{04A7B0C0-AD9D-469F-A40F-E9FD70ADCF34}.Debug|Any CPU.ActiveCfg = Release|Any CPU
		{04A7B0C0-AD9D-469F-A40F-E9FD70ADCF34}.Debug|Any CPU.Build.0 = Release|Any CPU
		{04A7B0C0-AD9D-469F-A40F-E9FD70ADCF34}.Release|Any CPU.ActiveCfg = Release|Any CPU
		{04A7B0C0-AD9D-469F-A40F-E9FD70ADCF34}.Release|Any CPU.Build.0 = Release|Any CPU
		{B2DFF26A-73BF-44CC-BDB0-0B2E94D23F9B}.Debug|Any CPU.ActiveCfg = Release|Any CPU
		{B2DFF26A-73BF-44CC-BDB0-0B2E94D23F9B}.Debug|Any CPU.Build.0 = Release|Any CPU
		{B2DFF26A-73BF-44CC-BDB0-0B2E94D23F9B}.Release|Any CPU.ActiveCfg = Release|Any CPU
		{B2DFF26A-73BF-44CC-BDB0-0B2E94D23F9B}.Release|Any CPU.Build.0 = Release|Any CPU
		{097E7010-8C8B-4E39-B0CB-E32928ADAF4E}.Debug|Any CPU.ActiveCfg = Release|Any CPU
		{097E7010-8C8B-4E39-B0CB-E32928ADAF4E}.Debug|Any CPU.Build.0 = Release|Any CPU
		{097E7010-8C8B-4E39-B0CB-E32928ADAF4E}.Release|Any CPU.ActiveCfg = Release|Any CPU
		{097E7010-8C8B-4E39-B0CB-E32928ADAF4E}.Release|Any CPU.Build.0 = Release|Any CPU
		{656CFF1F-8FD5-449F-A514-3FB1C0AF4083}.Debug|Any CPU.ActiveCfg = Release|Any CPU
		{656CFF1F-8FD5-449F-A514-3FB1C0AF4083}.Debug|Any CPU.Build.0 = Release|Any CPU
		{656CFF1F-8FD5-449F-A514-3FB1C0AF4083}.Release|Any CPU.ActiveCfg = Release|Any CPU
		{656CFF1F-8FD5-449F-A514-3FB1C0AF4083}.Release|Any CPU.Build.0 = Release|Any CPU
		{475404E5-B008-4834-8769-6C5744A5F9D1}.Debug|Any CPU.ActiveCfg = Debug|Any CPU
		{475404E5-B008-4834-8769-6C5744A5F9D1}.Debug|Any CPU.Build.0 = Debug|Any CPU
		{475404E5-B008-4834-8769-6C5744A5F9D1}.Release|Any CPU.ActiveCfg = Release|Any CPU
		{475404E5-B008-4834-8769-6C5744A5F9D1}.Release|Any CPU.Build.0 = Release|Any CPU
		{ED648CD1-470D-42D0-829F-FD75AFB21BA9}.Debug|Any CPU.ActiveCfg = Debug|Any CPU
		{ED648CD1-470D-42D0-829F-FD75AFB21BA9}.Debug|Any CPU.Build.0 = Debug|Any CPU
		{ED648CD1-470D-42D0-829F-FD75AFB21BA9}.Release|Any CPU.ActiveCfg = Release|Any CPU
		{ED648CD1-470D-42D0-829F-FD75AFB21BA9}.Release|Any CPU.Build.0 = Release|Any CPU
		{7A7147A2-0C4E-467E-8C03-E17B3C6D1A7F}.Debug|Any CPU.ActiveCfg = Debug|Any CPU
		{7A7147A2-0C4E-467E-8C03-E17B3C6D1A7F}.Debug|Any CPU.Build.0 = Debug|Any CPU
		{7A7147A2-0C4E-467E-8C03-E17B3C6D1A7F}.Release|Any CPU.ActiveCfg = Release|Any CPU
		{7A7147A2-0C4E-467E-8C03-E17B3C6D1A7F}.Release|Any CPU.Build.0 = Release|Any CPU
		{F3E4B5AB-A89F-4609-9475-7C1187E1B102}.Debug|Any CPU.ActiveCfg = Debug|Any CPU
		{F3E4B5AB-A89F-4609-9475-7C1187E1B102}.Debug|Any CPU.Build.0 = Debug|Any CPU
		{F3E4B5AB-A89F-4609-9475-7C1187E1B102}.Release|Any CPU.ActiveCfg = Release|Any CPU
		{F3E4B5AB-A89F-4609-9475-7C1187E1B102}.Release|Any CPU.Build.0 = Release|Any CPU
		{67174A11-2ED9-4764-B075-F1DA6EE1B7E1}.Debug|Any CPU.ActiveCfg = Debug|Any CPU
		{67174A11-2ED9-4764-B075-F1DA6EE1B7E1}.Debug|Any CPU.Build.0 = Debug|Any CPU
		{67174A11-2ED9-4764-B075-F1DA6EE1B7E1}.Release|Any CPU.ActiveCfg = Release|Any CPU
		{67174A11-2ED9-4764-B075-F1DA6EE1B7E1}.Release|Any CPU.Build.0 = Release|Any CPU
		{204C4C71-B9CC-4D8C-BBDA-2E5995CFE384}.Debug|Any CPU.ActiveCfg = Debug|Any CPU
		{204C4C71-B9CC-4D8C-BBDA-2E5995CFE384}.Debug|Any CPU.Build.0 = Debug|Any CPU
		{204C4C71-B9CC-4D8C-BBDA-2E5995CFE384}.Release|Any CPU.ActiveCfg = Release|Any CPU
		{204C4C71-B9CC-4D8C-BBDA-2E5995CFE384}.Release|Any CPU.Build.0 = Release|Any CPU
		{BD5BE667-EEB3-40AC-A8D0-028F3679D58C}.Debug|Any CPU.ActiveCfg = Debug|Any CPU
		{BD5BE667-EEB3-40AC-A8D0-028F3679D58C}.Debug|Any CPU.Build.0 = Debug|Any CPU
		{BD5BE667-EEB3-40AC-A8D0-028F3679D58C}.Release|Any CPU.ActiveCfg = Release|Any CPU
		{BD5BE667-EEB3-40AC-A8D0-028F3679D58C}.Release|Any CPU.Build.0 = Release|Any CPU
	EndGlobalSection
	GlobalSection(SolutionProperties) = preSolution
		HideSolutionNode = FALSE
	EndGlobalSection
	GlobalSection(NestedProjects) = preSolution
		{59FB858F-D152-4B61-BE96-2D1DCFBACEAD} = {11052826-02D9-4AF3-8AA1-3BC6BF721C29}
		{3FAA0572-213A-4ACE-AF95-6511086A0EC4} = {11052826-02D9-4AF3-8AA1-3BC6BF721C29}
		{DC5C3D8C-4423-479E-BBBE-35D423D58056} = {11052826-02D9-4AF3-8AA1-3BC6BF721C29}
		{04A7B0C0-AD9D-469F-A40F-E9FD70ADCF34} = {79008308-902D-4ABC-BEC8-1D05E755F1D8}
		{B2DFF26A-73BF-44CC-BDB0-0B2E94D23F9B} = {79008308-902D-4ABC-BEC8-1D05E755F1D8}
		{097E7010-8C8B-4E39-B0CB-E32928ADAF4E} = {297938CD-7E0D-4EC6-9B2A-13D45897419F}
		{297938CD-7E0D-4EC6-9B2A-13D45897419F} = {B7AAF3F7-A557-4446-8116-9AA48F1A326D}
		{656CFF1F-8FD5-449F-A514-3FB1C0AF4083} = {79008308-902D-4ABC-BEC8-1D05E755F1D8}
		{475404E5-B008-4834-8769-6C5744A5F9D1} = {1F68BE8A-A295-4FF2-A258-4A0CD68463EC}
		{ED648CD1-470D-42D0-829F-FD75AFB21BA9} = {1F68BE8A-A295-4FF2-A258-4A0CD68463EC}
		{23B23E79-DE08-4C04-8D94-9E80B1E93AC3} = {BFADC84A-50AA-465D-8C27-33596491C7DB}
		{79750A1F-0E1B-4D1B-AD7D-9931D9DE8308} = {79008308-902D-4ABC-BEC8-1D05E755F1D8}
		{7A7147A2-0C4E-467E-8C03-E17B3C6D1A7F} = {79750A1F-0E1B-4D1B-AD7D-9931D9DE8308}
		{F3E4B5AB-A89F-4609-9475-7C1187E1B102} = {3D8E73B6-8E57-4EA2-898A-38B213AB4774}
		{67174A11-2ED9-4764-B075-F1DA6EE1B7E1} = {3D8E73B6-8E57-4EA2-898A-38B213AB4774}
		{1F68BE8A-A295-4FF2-A258-4A0CD68463EC} = {44968558-1B33-42F5-AA54-4A85D22B45EE}
		{79008308-902D-4ABC-BEC8-1D05E755F1D8} = {44968558-1B33-42F5-AA54-4A85D22B45EE}
		{76E43368-F7C0-45D6-A2CE-BA524F6597F3} = {44968558-1B33-42F5-AA54-4A85D22B45EE}
		{204C4C71-B9CC-4D8C-BBDA-2E5995CFE384} = {76E43368-F7C0-45D6-A2CE-BA524F6597F3}
		{BD5BE667-EEB3-40AC-A8D0-028F3679D58C} = {76E43368-F7C0-45D6-A2CE-BA524F6597F3}
	EndGlobalSection
	GlobalSection(ExtensibilityGlobals) = postSolution
		SolutionGuid = {3124672F-8844-40D6-AEDD-5D09E3BC6C5A}
	EndGlobalSection
EndGlobal
